
Microsoft Visual Studio Solution File, Format Version 12.00
# Visual Studio Version 17
VisualStudioVersion = 17.5.002.0
MinimumVisualStudioVersion = 10.0.40219.1
Project("{9A19103F-16F7-4668-BE54-9A1E7A4F7556}") = "EmployeeApp", "EmployeeApp.csproj", "{2736C61C-8B29-43E4-879D-B7E4DDD83679}"
EndProject
Global
	GlobalSection(SolutionConfigurationPlatforms) = preSolution
		Debug|Any CPU = Debug|Any CPU
		Release|Any CPU = Release|Any CPU
	EndGlobalSection
	GlobalSection(ProjectConfigurationPlatforms) = postSolution
		{2736C61C-8B29-43E4-879D-B7E4DDD83679}.Debug|Any CPU.ActiveCfg = Debug|Any CPU
		{2736C61C-8B29-43E4-879D-B7E4DDD83679}.Debug|Any CPU.Build.0 = Debug|Any CPU
		{2736C61C-8B29-43E4-879D-B7E4DDD83679}.Release|Any CPU.ActiveCfg = Release|Any CPU
		{2736C61C-8B29-43E4-879D-B7E4DDD83679}.Release|Any CPU.Build.0 = Release|Any CPU
	EndGlobalSection
	GlobalSection(SolutionProperties) = preSolution
		HideSolutionNode = FALSE
	EndGlobalSection
	GlobalSection(ExtensibilityGlobals) = postSolution
		SolutionGuid = {89EFF683-D730-485C-B4D7-B783B1503D27}
	EndGlobalSection
EndGlobal
